
Microsoft Visual Studio Solution File, Format Version 12.00
# Visual Studio 15
VisualStudioVersion = 15.0.27004.2009
MinimumVisualStudioVersion = 10.0.40219.1
Project("{FAE04EC0-301F-11D3-BF4B-00C04F79EFBC}") = "JSONLocalesGenerator", "JSONLocalesGenerator\JSONLocalesGenerator.csproj", "{D41F6685-4B05-454E-B833-6B0FD42CBF63}"
EndProject
Project("{9A19103F-16F7-4668-BE54-9A1E7A4F7556}") = "Orpalis.Globals.Localization", "Orpalis.Globals.Localization\Orpalis.Globals.Localization.csproj", "{29BF1C66-5183-4370-8893-3F6423347DF7}"
EndProject
Global
	GlobalSection(SolutionConfigurationPlatforms) = preSolution
		Debug|Any CPU = Debug|Any CPU
		Release|Any CPU = Release|Any CPU
	EndGlobalSection
	GlobalSection(ProjectConfigurationPlatforms) = postSolution
		{D41F6685-4B05-454E-B833-6B0FD42CBF63}.Debug|Any CPU.ActiveCfg = Debug|Any CPU
		{D41F6685-4B05-454E-B833-6B0FD42CBF63}.Debug|Any CPU.Build.0 = Debug|Any CPU
		{D41F6685-4B05-454E-B833-6B0FD42CBF63}.Release|Any CPU.ActiveCfg = Release|Any CPU
		{D41F6685-4B05-454E-B833-6B0FD42CBF63}.Release|Any CPU.Build.0 = Release|Any CPU
		{29BF1C66-5183-4370-8893-3F6423347DF7}.Debug|Any CPU.ActiveCfg = Debug|Any CPU
		{29BF1C66-5183-4370-8893-3F6423347DF7}.Debug|Any CPU.Build.0 = Debug|Any CPU
		{29BF1C66-5183-4370-8893-3F6423347DF7}.Release|Any CPU.ActiveCfg = Release|Any CPU
		{29BF1C66-5183-4370-8893-3F6423347DF7}.Release|Any CPU.Build.0 = Release|Any CPU
	EndGlobalSection
	GlobalSection(SolutionProperties) = preSolution
		HideSolutionNode = FALSE
	EndGlobalSection
	GlobalSection(ExtensibilityGlobals) = postSolution
		SolutionGuid = {B3D62E2F-51D6-449B-8CDD-D5960B3C01AB}
	EndGlobalSection
EndGlobal
