
Microsoft Visual Studio Solution File, Format Version 12.00
# Visual Studio Version 17
VisualStudioVersion = 17.1.32328.378
MinimumVisualStudioVersion = 10.0.40219.1
Project("{9A19103F-16F7-4668-BE54-9A1E7A4F7556}") = "Orpalis.Globals.Localization", "Orpalis.Globals.Localization.csproj", "{3F7EF19F-490D-48F6-B4AF-BC86FCF3E532}"
EndProject
Global
	GlobalSection(SolutionConfigurationPlatforms) = preSolution
		Debug|Any CPU = Debug|Any CPU
		Release|Any CPU = Release|Any CPU
	EndGlobalSection
	GlobalSection(ProjectConfigurationPlatforms) = postSolution
		{3F7EF19F-490D-48F6-B4AF-BC86FCF3E532}.Debug|Any CPU.ActiveCfg = Debug|Any CPU
		{3F7EF19F-490D-48F6-B4AF-BC86FCF3E532}.Debug|Any CPU.Build.0 = Debug|Any CPU
		{3F7EF19F-490D-48F6-B4AF-BC86FCF3E532}.Release|Any CPU.ActiveCfg = Release|Any CPU
		{3F7EF19F-490D-48F6-B4AF-BC86FCF3E532}.Release|Any CPU.Build.0 = Release|Any CPU
	EndGlobalSection
	GlobalSection(SolutionProperties) = preSolution
		HideSolutionNode = FALSE
	EndGlobalSection
	GlobalSection(ExtensibilityGlobals) = postSolution
		SolutionGuid = {0EB5D39F-E19E-4CF3-A159-F2E00395BA79}
	EndGlobalSection
EndGlobal
